# THIS IS AN AUTOGENERATED FILE. DO NOT EDIT THIS FILE DIRECTLY.
# yarn lockfile v1


bootbox@^4.4.0:
  version "4.4.0"
  resolved "https://registry.yarnpkg.com/bootbox/-/bootbox-4.4.0.tgz#ff7f898fb87d4527e547feb64158f88450d1a0c9"

bootstrap-datepicker@^1.7.1:
  version "1.7.1"
  resolved "https://registry.yarnpkg.com/bootstrap-datepicker/-/bootstrap-datepicker-1.7.1.tgz#4ee7faf34888dbec7834fbf9dbe7c4277e01ddaf"
  dependencies:
    jquery ">=1.7.1 <4.0.0"

"bootstrap4-tagsinput@https://github.com/Nodws/bootstrap4-tagsinput":
  version "4.1.2"
  resolved "https://github.com/Nodws/bootstrap4-tagsinput#f80ff7a90e52109ce1d44a03e8bcd043353fe9d9"

"jquery@>=1.7.1 <4.0.0":
  version "3.3.1"
  resolved "https://registry.yarnpkg.com/jquery/-/jquery-3.3.1.tgz#958ce29e81c9790f31be7792df5d4d95fc57fbca"

resumablejs@^1.1.0:
  version "1.1.0"
  resolved "https://registry.yarnpkg.com/resumablejs/-/resumablejs-1.1.0.tgz#3160633688ac35bc2a0f119803c190ec369ef4d2"
